
Microsoft Visual Studio Solution File, Format Version 12.00
# Visual Studio Version 17
VisualStudioVersion = 17.3.32929.385
MinimumVisualStudioVersion = 10.0.40219.1
Project("{9A19103F-16F7-4668-BE54-9A1E7A4F7556}") = "Task1", "Task1\Task1.csproj", "{69AE99A7-1E1A-49CB-B3ED-BD3F8DB20C0F}"
EndProject
Project("{9A19103F-16F7-4668-BE54-9A1E7A4F7556}") = "Task2", "Task2\Task2.csproj", "{B0519501-1BE5-446E-AB77-074F9F9C527D}"
EndProject
Project("{FAE04EC0-301F-11D3-BF4B-00C04F79EFBC}") = "Task3", "Task3\Task3.csproj", "{3765F517-5D59-490F-912C-CE629A792796}"
EndProject
Global
	GlobalSection(SolutionConfigurationPlatforms) = preSolution
		Debug|Any CPU = Debug|Any CPU
		Release|Any CPU = Release|Any CPU
	EndGlobalSection
	GlobalSection(ProjectConfigurationPlatforms) = postSolution
		{69AE99A7-1E1A-49CB-B3ED-BD3F8DB20C0F}.Debug|Any CPU.ActiveCfg = Debug|Any CPU
		{69AE99A7-1E1A-49CB-B3ED-BD3F8DB20C0F}.Debug|Any CPU.Build.0 = Debug|Any CPU
		{69AE99A7-1E1A-49CB-B3ED-BD3F8DB20C0F}.Release|Any CPU.ActiveCfg = Release|Any CPU
		{69AE99A7-1E1A-49CB-B3ED-BD3F8DB20C0F}.Release|Any CPU.Build.0 = Release|Any CPU
		{B0519501-1BE5-446E-AB77-074F9F9C527D}.Debug|Any CPU.ActiveCfg = Debug|Any CPU
		{B0519501-1BE5-446E-AB77-074F9F9C527D}.Debug|Any CPU.Build.0 = Debug|Any CPU
		{B0519501-1BE5-446E-AB77-074F9F9C527D}.Release|Any CPU.ActiveCfg = Release|Any CPU
		{B0519501-1BE5-446E-AB77-074F9F9C527D}.Release|Any CPU.Build.0 = Release|Any CPU
		{3765F517-5D59-490F-912C-CE629A792796}.Debug|Any CPU.ActiveCfg = Debug|Any CPU
		{3765F517-5D59-490F-912C-CE629A792796}.Debug|Any CPU.Build.0 = Debug|Any CPU
		{3765F517-5D59-490F-912C-CE629A792796}.Release|Any CPU.ActiveCfg = Release|Any CPU
		{3765F517-5D59-490F-912C-CE629A792796}.Release|Any CPU.Build.0 = Release|Any CPU
	EndGlobalSection
	GlobalSection(SolutionProperties) = preSolution
		HideSolutionNode = FALSE
	EndGlobalSection
	GlobalSection(ExtensibilityGlobals) = postSolution
		SolutionGuid = {B666427F-3338-4A75-9DDF-65C243C04671}
	EndGlobalSection
EndGlobal
